
Microsoft Visual Studio Solution File, Format Version 12.00
# Visual Studio Version 17
VisualStudioVersion = 17.14.35906.104
MinimumVisualStudioVersion = 10.0.40219.1
Project("{FAE04EC0-301F-11D3-BF4B-00C04F79EFBC}") = "Express", "src\Express\Express.csproj", "{CFEA9443-4EC3-E412-D967-DF1094071522}"
EndProject
Project("{FAE04EC0-301F-11D3-BF4B-00C04F79EFBC}") = "Express.HelloServer", "src\Express.HelloServer\Express.HelloServer.csproj", "{9B38EC21-BBF5-4F77-B5E7-DEA588D557BD}"
EndProject
Global
	GlobalSection(SolutionConfigurationPlatforms) = preSolution
		Debug|Any CPU = Debug|Any CPU
		Release|Any CPU = Release|Any CPU
	EndGlobalSection
	GlobalSection(ProjectConfigurationPlatforms) = postSolution
		{CFEA9443-4EC3-E412-D967-DF1094071522}.Debug|Any CPU.ActiveCfg = Debug|Any CPU
		{CFEA9443-4EC3-E412-D967-DF1094071522}.Debug|Any CPU.Build.0 = Debug|Any CPU
		{CFEA9443-4EC3-E412-D967-DF1094071522}.Release|Any CPU.ActiveCfg = Release|Any CPU
		{CFEA9443-4EC3-E412-D967-DF1094071522}.Release|Any CPU.Build.0 = Release|Any CPU
		{9B38EC21-BBF5-4F77-B5E7-DEA588D557BD}.Debug|Any CPU.ActiveCfg = Debug|Any CPU
		{9B38EC21-BBF5-4F77-B5E7-DEA588D557BD}.Debug|Any CPU.Build.0 = Debug|Any CPU
		{9B38EC21-BBF5-4F77-B5E7-DEA588D557BD}.Release|Any CPU.ActiveCfg = Release|Any CPU
		{9B38EC21-BBF5-4F77-B5E7-DEA588D557BD}.Release|Any CPU.Build.0 = Release|Any CPU
	EndGlobalSection
	GlobalSection(SolutionProperties) = preSolution
		HideSolutionNode = FALSE
	EndGlobalSection
	GlobalSection(ExtensibilityGlobals) = postSolution
		SolutionGuid = {107ADDB1-1340-46B7-A90A-7AFAB5B1FA8A}
	EndGlobalSection
EndGlobal
